
Microsoft Visual Studio Solution File, Format Version 12.00
# Visual Studio 15
Project("{FAE04EC0-301F-11D3-BF4B-00C04F79EFBC}") = "Assembly-CSharp", "Assembly-CSharp.csproj", "{7889A4A6-E515-D353-9BAA-51851E5E0E63}"
EndProject
Project("{FAE04EC0-301F-11D3-BF4B-00C04F79EFBC}") = "Assembly-CSharp-firstpass", "Assembly-CSharp-firstpass.csproj", "{C9CE85EE-6A77-5536-03F4-2AF4158E433E}"
EndProject
Project("{FAE04EC0-301F-11D3-BF4B-00C04F79EFBC}") = "Assembly-CSharp-Editor-firstpass", "Assembly-CSharp-Editor-firstpass.csproj", "{B5C4B155-57FB-D8A6-4061-68ECCC8A7F10}"
EndProject
Project("{FAE04EC0-301F-11D3-BF4B-00C04F79EFBC}") = "Assembly-CSharp-Editor", "Assembly-CSharp-Editor.csproj", "{72E83B72-CDB8-9F11-2A76-7B34FF60F7CD}"
EndProject
Global
	GlobalSection(SolutionConfigurationPlatforms) = preSolution
		Debug|Any CPU = Debug|Any CPU
		Release|Any CPU = Release|Any CPU
	EndGlobalSection
	GlobalSection(ProjectConfigurationPlatforms) = postSolution
		{7889A4A6-E515-D353-9BAA-51851E5E0E63}.Debug|Any CPU.ActiveCfg = Debug|Any CPU
		{7889A4A6-E515-D353-9BAA-51851E5E0E63}.Debug|Any CPU.Build.0 = Debug|Any CPU
		{7889A4A6-E515-D353-9BAA-51851E5E0E63}.Release|Any CPU.ActiveCfg = Release|Any CPU
		{7889A4A6-E515-D353-9BAA-51851E5E0E63}.Release|Any CPU.Build.0 = Release|Any CPU
		{C9CE85EE-6A77-5536-03F4-2AF4158E433E}.Debug|Any CPU.ActiveCfg = Debug|Any CPU
		{C9CE85EE-6A77-5536-03F4-2AF4158E433E}.Debug|Any CPU.Build.0 = Debug|Any CPU
		{C9CE85EE-6A77-5536-03F4-2AF4158E433E}.Release|Any CPU.ActiveCfg = Release|Any CPU
		{C9CE85EE-6A77-5536-03F4-2AF4158E433E}.Release|Any CPU.Build.0 = Release|Any CPU
		{B5C4B155-57FB-D8A6-4061-68ECCC8A7F10}.Debug|Any CPU.ActiveCfg = Debug|Any CPU
		{B5C4B155-57FB-D8A6-4061-68ECCC8A7F10}.Debug|Any CPU.Build.0 = Debug|Any CPU
		{B5C4B155-57FB-D8A6-4061-68ECCC8A7F10}.Release|Any CPU.ActiveCfg = Release|Any CPU
		{B5C4B155-57FB-D8A6-4061-68ECCC8A7F10}.Release|Any CPU.Build.0 = Release|Any CPU
		{72E83B72-CDB8-9F11-2A76-7B34FF60F7CD}.Debug|Any CPU.ActiveCfg = Debug|Any CPU
		{72E83B72-CDB8-9F11-2A76-7B34FF60F7CD}.Debug|Any CPU.Build.0 = Debug|Any CPU
		{72E83B72-CDB8-9F11-2A76-7B34FF60F7CD}.Release|Any CPU.ActiveCfg = Release|Any CPU
		{72E83B72-CDB8-9F11-2A76-7B34FF60F7CD}.Release|Any CPU.Build.0 = Release|Any CPU
	EndGlobalSection
	GlobalSection(SolutionProperties) = preSolution
		HideSolutionNode = FALSE
	EndGlobalSection
EndGlobal
